<?xml version="1.0" encoding="UTF-8" standalone="yes" ?>
<CodeBlocks_project_file>
	<FileVersion major="1" minor="6" />
	<Project>
		<Option title="Projecto_versao_final" />
		<Option pch_mode="2" />
		<Option compiler="gcc" />
		<Build>
			<Target title="Debug">
				<Option output="bin/Debug/Projecto_versao_final" prefix_auto="1" extension_auto="1" />
				<Option working_dir="../../Proj_PPP" />
				<Option object_output="obj/Debug/" />
				<Option type="1" />
				<Option compiler="gcc" />
				<Compiler>
					<Add option="-g" />
				</Compiler>
			</Target>
			<Target title="Release">
				<Option output="bin/Release/Projecto_versao_final" prefix_auto="1" extension_auto="1" />
				<Option working_dir="../../Proj_PPP" />
				<Option object_output="obj/Release/" />
				<Option type="1" />
				<Option compiler="gcc" />
				<Compiler>
					<Add option="-O2" />
				</Compiler>
				<Linker>
					<Add option="-s" />
				</Linker>
			</Target>
		</Build>
		<Compiler>
			<Add option="-Wall" />
		</Compiler>
		<Unit filename="../TESTE.c">
			<Option compilerVar="CC" />
		</Unit>
		<Unit filename="../favoritos.c">
			<Option compilerVar="CC" />
		</Unit>
		<Unit filename="../ficheiros.c">
			<Option compilerVar="CC" />
		</Unit>
		<Unit filename="../hf_lists.h" />
		<Unit filename="../locais.txt" />
		<Unit filename="../main.c">
			<Option compilerVar="CC" />
		</Unit>
		<Unit filename="../places.c">
			<Option compilerVar="CC" />
		</Unit>
		<Unit filename="../ponto_4.c">
			<Option compilerVar="CC" />
		</Unit>
		<Unit filename="../ponto_5_2.c">
			<Option compilerVar="CC" />
		</Unit>
		<Unit filename="../ponto_6_2.c">
			<Option compilerVar="CC" />
		</Unit>
		<Unit filename="../try.c">
			<Option compilerVar="CC" />
		</Unit>
		<Unit filename="../users.c">
			<Option compilerVar="CC" />
		</Unit>
		<Unit filename="../utilizadores_doc.txt" />
		<Unit filename="../viagem.c">
			<Option compilerVar="CC" />
		</Unit>
		<Extensions>
			<code_completion />
			<envvars />
			<debugger />
			<lib_finder disable_auto="1" />
		</Extensions>
	</Project>
</CodeBlocks_project_file>
